{
  "name": "test_env",
  "version": "1.0.0",
  "lockfileVersion": 1,
  "requires": true,
  "dependencies": {
    "clientside-require": {
      "version": "4.3.0",
      "resolved": "https://registry.npmjs.org/clientside-require/-/clientside-require-4.3.0.tgz",
      "integrity": "sha512-LV8HfoUNFPoy5xKcyFGcQp86VEbtJ8blP8eHVoqS8l1ujb0Sk9vtGGPu0uhU8ikIN8nsU1M2PnnxBbyylejddA=="
    },
    "clientside-view-loader": {
      "version": "2.3.3",
      "resolved": "https://registry.npmjs.org/clientside-view-loader/-/clientside-view-loader-2.3.3.tgz",
      "integrity": "sha512-KV8h8SxuvvZkcfplfNUQ7cVMAufTEjTJr16KPpw4U24+l8tf3aLY47bE8uQnHYVksxMDBpBVYSUSkKf7FMp30w==",
      "requires": {
        "clientside-require": "4.3.0"
      }
    }
  }
}
