{
  "name": "demo",
  "version": "1.0.0",
  "lockfileVersion": 1,
  "requires": true,
  "dependencies": {
    "clientside-require": {
      "version": "4.3.0",
      "resolved": "https://registry.npmjs.org/clientside-require/-/clientside-require-4.3.0.tgz",
      "integrity": "sha512-LV8HfoUNFPoy5xKcyFGcQp86VEbtJ8blP8eHVoqS8l1ujb0Sk9vtGGPu0uhU8ikIN8nsU1M2PnnxBbyylejddA=="
    },
    "clientside-view-loader": {
      "version": "2.3.0",
      "resolved": "https://registry.npmjs.org/clientside-view-loader/-/clientside-view-loader-2.3.0.tgz",
      "integrity": "sha512-DD5RaTqoqDmRjgI3IhUnLjmUsoxTm7MUhtLnx7D+01gs0/IjwFz2tr8wKwU42XcKCWH46RWgGRmTwj8IsUM2qA==",
      "requires": {
        "clientside-require": "4.3.0"
      }
    },
    "clientside-view-responsive-header": {
      "version": "1.6.0",
      "resolved": "https://registry.npmjs.org/clientside-view-responsive-header/-/clientside-view-responsive-header-1.6.0.tgz",
      "integrity": "sha512-zS4tOf2Sg2ih91przd/dLG2T4xCJy32Tlo0BGfWXbKN4jFrCa1EDcNenZ9GfY6BomRoALFiDm9BDEEAVamWSfw==",
      "requires": {
        "clientside-require": "4.3.0",
        "clientside-view-loader": "2.3.0"
      }
    }
  }
}
